{
  "originHash" : "b58ab3d2524826d1ee6381aab41445f36db72aa6c60122ae51658543ea6e9fee",
  "pins" : [
    {
      "identity" : "eventsource",
      "kind" : "remoteSourceControl",
      "location" : "https://github.com/loopwork-ai/eventsource.git",
      "state" : {
        "revision" : "07957602bb99a5355c810187e66e6ce378a1057d",
        "version" : "1.1.1"
      }
    },
    {
      "identity" : "swift-log",
      "kind" : "remoteSourceControl",
      "location" : "https://github.com/apple/swift-log.git",
      "state" : {
        "revision" : "3d8596ed08bd13520157f0355e35caed215ffbfa",
        "version" : "1.6.3"
      }
    },
    {
      "identity" : "swift-multi-line-diff",
      "kind" : "remoteSourceControl",
      "location" : "https://github.com/codefreezeai/swift-multi-line-diff.git",
      "state" : {
        "revision" : "6af631da71c4a5a155992f2442500b22afd83366",
        "version" : "1.2.7"
      }
    },
    {
      "identity" : "swift-sdk",
      "kind" : "remoteSourceControl",
      "location" : "https://github.com/modelcontextprotocol/swift-sdk.git",
      "state" : {
        "revision" : "266c02d2d13421a2aa95cc4018d6d466084fa7e7",
        "version" : "0.8.2"
      }
    },
    {
      "identity" : "swift-syntax",
      "kind" : "remoteSourceControl",
      "location" : "https://github.com/apple/swift-syntax.git",
      "state" : {
        "revision" : "f99ae8aa18f0cf0d53481901f88a0991dc3bd4a2",
        "version" : "601.0.1"
      }
    },
    {
      "identity" : "swift-system",
      "kind" : "remoteSourceControl",
      "location" : "https://github.com/apple/swift-system.git",
      "state" : {
        "revision" : "a34201439c74b53f0fd71ef11741af7e7caf01e1",
        "version" : "1.4.2"
      }
    },
    {
      "identity" : "xcf-swift",
      "kind" : "remoteSourceControl",
      "location" : "https://github.com/codefreezeai/xcf-swift",
      "state" : {
        "revision" : "2bc70856401230b093956dee35ac9bec174fec62",
        "version" : "1.0.0"
      }
    }
  ],
  "version" : 3
}
