{
  "originHash" : "9ec1c89ea374275bf540fe00ef9934daf5436fdb30676dc998e5bb9f932bc7e6",
  "pins" : [
    {
      "identity" : "eventsource",
      "kind" : "remoteSourceControl",
      "location" : "https://github.com/loopwork-ai/eventsource.git",
      "state" : {
        "revision" : "07957602bb99a5355c810187e66e6ce378a1057d",
        "version" : "1.1.1"
      }
    },
    {
      "identity" : "swift-log",
      "kind" : "remoteSourceControl",
      "location" : "https://github.com/apple/swift-log.git",
      "state" : {
        "revision" : "3d8596ed08bd13520157f0355e35caed215ffbfa",
        "version" : "1.6.3"
      }
    },
    {
      "identity" : "swift-sdk",
      "kind" : "remoteSourceControl",
      "location" : "https://github.com/modelcontextprotocol/swift-sdk.git",
      "state" : {
        "revision" : "266c02d2d13421a2aa95cc4018d6d466084fa7e7",
        "version" : "0.8.2"
      }
    },
    {
      "identity" : "swift-syntax",
      "kind" : "remoteSourceControl",
      "location" : "https://github.com/apple/swift-syntax.git",
      "state" : {
        "revision" : "f99ae8aa18f0cf0d53481901f88a0991dc3bd4a2",
        "version" : "601.0.1"
      }
    },
    {
      "identity" : "swift-system",
      "kind" : "remoteSourceControl",
      "location" : "https://github.com/apple/swift-system.git",
      "state" : {
        "revision" : "a34201439c74b53f0fd71ef11741af7e7caf01e1",
        "version" : "1.4.2"
      }
    },
    {
      "identity" : "xcf-swift",
      "kind" : "remoteSourceControl",
      "location" : "https://github.com/codefreezeai/xcf-swift",
      "state" : {
        "branch" : "1.0.0",
        "revision" : "2bc70856401230b093956dee35ac9bec174fec62"
      }
    }
  ],
  "version" : 3
}
