{
  "originHash" : "b58ab3d2524826d1ee6381aab41445f36db72aa6c60122ae51658543ea6e9fee",
  "pins" : [
    {
      "identity" : "eventsource",
      "kind" : "remoteSourceControl",
      "location" : "https://github.com/mattt/eventsource.git",
      "state" : {
        "revision" : "07957602bb99a5355c810187e66e6ce378a1057d",
        "version" : "1.1.1"
      }
    },
    {
      "identity" : "swift-log",
      "kind" : "remoteSourceControl",
      "location" : "https://github.com/apple/swift-log.git",
      "state" : {
        "revision" : "ce592ae52f982c847a4efc0dd881cc9eb32d29f2",
        "version" : "1.6.4"
      }
    },
    {
      "identity" : "swift-multi-line-diff",
      "kind" : "remoteSourceControl",
      "location" : "https://github.com/codefreezeai/swift-multi-line-diff.git",
      "state" : {
        "revision" : "696849afadd73e2fbecb64a2f2e1272d17ea298c",
        "version" : "2.0.2"
      }
    },
    {
      "identity" : "swift-sdk",
      "kind" : "remoteSourceControl",
      "location" : "https://github.com/modelcontextprotocol/swift-sdk.git",
      "state" : {
        "revision" : "f1b50e6de22b5206068bb09851d585f560d893c4",
        "version" : "0.10.1"
      }
    },
    {
      "identity" : "swift-syntax",
      "kind" : "remoteSourceControl",
      "location" : "https://github.com/apple/swift-syntax.git",
      "state" : {
        "revision" : "f99ae8aa18f0cf0d53481901f88a0991dc3bd4a2",
        "version" : "601.0.1"
      }
    },
    {
      "identity" : "swift-system",
      "kind" : "remoteSourceControl",
      "location" : "https://github.com/apple/swift-system.git",
      "state" : {
        "revision" : "890830fff1a577dc83134890c7984020c5f6b43b",
        "version" : "1.6.2"
      }
    },
    {
      "identity" : "xcf-swift",
      "kind" : "remoteSourceControl",
      "location" : "https://github.com/codefreezeai/xcf-swift",
      "state" : {
        "revision" : "2bc70856401230b093956dee35ac9bec174fec62",
        "version" : "1.0.0"
      }
    }
  ],
  "version" : 3
}
